{
  "name": "permissionamento",
  "requires": true,
  "lockfileVersion": 1,
  "dependencies": {
    "@types/node": {
      "version": "12.12.54",
      "resolved": "https://registry.npmjs.org/@types/node/-/node-12.12.54.tgz",
      "integrity": "sha512-ge4xZ3vSBornVYlDnk7yZ0gK6ChHf/CHB7Gl1I0Jhah8DDnEQqBzgohYG4FX4p81TNirSETOiSyn+y1r9/IR6w==",
      "dev": true
    },
    "escape-string-regexp": {
      "version": "1.0.5",
      "resolved": "https://registry.npmjs.org/escape-string-regexp/-/escape-string-regexp-1.0.5.tgz",
      "integrity": "sha1-G2HAViGQqN/2rjuyzwIAyhMLhtQ="
    },
    "jsonpath-plus": {
      "version": "0.18.1",
      "resolved": "https://registry.npmjs.org/jsonpath-plus/-/jsonpath-plus-0.18.1.tgz",
      "integrity": "sha512-4yQiuV641HROc4z9YGvnsr8yAdmzbu8JjdAen8WfiXsXewKvTG4ie2bSygF2maek9PcbtROmS6aLQs31BD+oNQ=="
    },
    "lodash.clonedeep": {
      "version": "4.5.0",
      "resolved": "https://registry.npmjs.org/lodash.clonedeep/-/lodash.clonedeep-4.5.0.tgz",
      "integrity": "sha1-4j8/nE+Pvd6HJSnBBxhXoIblzO8="
    },
    "lodash.flattendeep": {
      "version": "4.4.0",
      "resolved": "https://registry.npmjs.org/lodash.flattendeep/-/lodash.flattendeep-4.4.0.tgz",
      "integrity": "sha1-+wMJF/hqMTTlvJvsDWngAT3f7bI="
    },
    "matcher": {
      "version": "1.1.1",
      "resolved": "https://registry.npmjs.org/matcher/-/matcher-1.1.1.tgz",
      "integrity": "sha512-+BmqxWIubKTRKNWx/ahnCkk3mG8m7OturVlqq6HiojGJTd5hVYbgZm6WzcYPCoB+KBT4Vd6R7WSRG2OADNaCjg==",
      "requires": {
        "escape-string-regexp": "^1.0.4"
      }
    },
    "notation": {
      "version": "1.3.6",
      "resolved": "https://registry.npmjs.org/notation/-/notation-1.3.6.tgz",
      "integrity": "sha512-DIuJmrP/Gg1DcXKaApsqcjsJD6jEccqKSfmU3BUx/f1GHsMiTJh70cERwYc64tOmTRTARCeMwkqNNzjh3AHhiw=="
    },
    "role-acl": {
      "version": "4.5.4",
      "resolved": "https://registry.npmjs.org/role-acl/-/role-acl-4.5.4.tgz",
      "integrity": "sha512-T7baCc5BCFzLaxUrtAEIDcfK8HM/WTt6l2SLiMts6zLADSp7wOrrU3op0HVKhwjKi01d0Q6T4NeZ0jdLii9WuQ==",
      "requires": {
        "jsonpath-plus": "^0.18.0",
        "lodash.clonedeep": "^4.5.0",
        "lodash.flattendeep": "^4.4.0",
        "matcher": "^1.0.0",
        "notation": "^1.3.5"
      }
    },
    "typescript": {
      "version": "4.0.2",
      "resolved": "https://registry.npmjs.org/typescript/-/typescript-4.0.2.tgz",
      "integrity": "sha512-e4ERvRV2wb+rRZ/IQeb3jm2VxBsirQLpQhdxplZ2MEzGvDkkMmPglecnNDfSUBivMjP93vRbngYYDQqQ/78bcQ==",
      "dev": true
    }
  }
}
